<?xml version="1.0" encoding="utf-8"?>
<Project ToolsVersion="4.0" xmlns="http://schemas.microsoft.com/developer/msbuild/2003">
  <ItemGroup>
    <Filter Include="Source Files">
      <UniqueIdentifier>{4FC737F1-C7A5-4376-A066-2A32D752A2FF}</UniqueIdentifier>
      <Extensions>cpp;c;cc;cxx;c++;cppm;ixx;def;odl;idl;hpj;bat;asm;asmx</Extensions>
    </Filter>
    <Filter Include="Header Files">
      <UniqueIdentifier>{93995380-89BD-4b04-88EB-625FBE52EBFB}</UniqueIdentifier>
      <Extensions>h;hh;hpp;hxx;h++;hm;inl;inc;ipp;xsd</Extensions>
    </Filter>
    <Filter Include="Resource Files">
      <UniqueIdentifier>{67DA6AB6-F800-4c08-8B7A-83BB121AAD01}</UniqueIdentifier>
      <Extensions>rc;ico;cur;bmp;dlg;rc2;rct;bin;rgs;gif;jpg;jpeg;jpe;resx;tiff;tif;png;wav;mfcribbon-ms</Extensions>
    </Filter>
  </ItemGroup>
  <ItemGroup>
    <ClCompile Include="TemplateTest.cpp">
      <Filter>Source Files</Filter>
    </ClCompile>
    <ClCompile Include="..\Factory\CDesigner.cpp">
      <Filter>Source Files</Filter>
    </ClCompile>
    <ClCompile Include="..\Factory\CEllipse.cpp">
      <Filter>Source Files</Filter>
    </ClCompile>
    <ClCompile Include="..\Factory\CPictureDraft.cpp">
      <Filter>Source Files</Filter>
    </ClCompile>
    <ClCompile Include="..\Factory\CRectangle.cpp">
      <Filter>Source Files</Filter>
    </ClCompile>
    <ClCompile Include="..\Factory\CRegularPolygon.cpp">
      <Filter>Source Files</Filter>
    </ClCompile>
    <ClCompile Include="..\Factory\CShapeFactory.cpp">
      <Filter>Source Files</Filter>
    </ClCompile>
    <ClCompile Include="..\Factory\CTriangle.cpp">
      <Filter>Source Files</Filter>
    </ClCompile>
    <ClCompile Include="..\Factory\stdafx.cpp">
      <Filter>Source Files</Filter>
    </ClCompile>
    <ClCompile Include="..\Factory\CCanvas.cpp">
      <Filter>Source Files</Filter>
    </ClCompile>
    <ClCompile Include="..\Factory\CPainter.cpp">
      <Filter>Source Files</Filter>
    </ClCompile>
  </ItemGroup>
  <ItemGroup>
    <ClInclude Include="..\Factory\CDesigner.h">
      <Filter>Header Files</Filter>
    </ClInclude>
    <ClInclude Include="..\Factory\CEllipse.h">
      <Filter>Header Files</Filter>
    </ClInclude>
    <ClInclude Include="..\Factory\Color.h">
      <Filter>Header Files</Filter>
    </ClInclude>
    <ClInclude Include="..\Factory\CPictureDraft.h">
      <Filter>Header Files</Filter>
    </ClInclude>
    <ClInclude Include="..\Factory\CRectangle.h">
      <Filter>Header Files</Filter>
    </ClInclude>
    <ClInclude Include="..\Factory\CRegularPolygon.h">
      <Filter>Header Files</Filter>
    </ClInclude>
    <ClInclude Include="..\Factory\CShape.h">
      <Filter>Header Files</Filter>
    </ClInclude>
    <ClInclude Include="..\Factory\CShapeFactory.h">
      <Filter>Header Files</Filter>
    </ClInclude>
    <ClInclude Include="..\Factory\CTriangle.h">
      <Filter>Header Files</Filter>
    </ClInclude>
    <ClInclude Include="..\Factory\ICanvas.h">
      <Filter>Header Files</Filter>
    </ClInclude>
    <ClInclude Include="..\Factory\IDesigner.h">
      <Filter>Header Files</Filter>
    </ClInclude>
    <ClInclude Include="..\Factory\IShapeFactory.h">
      <Filter>Header Files</Filter>
    </ClInclude>
    <ClInclude Include="..\Factory\Point.h">
      <Filter>Header Files</Filter>
    </ClInclude>
    <ClInclude Include="..\Factory\ShapeType.h">
      <Filter>Header Files</Filter>
    </ClInclude>
    <ClInclude Include="..\Factory\stdafx.h">
      <Filter>Header Files</Filter>
    </ClInclude>
    <ClInclude Include="..\Factory\CCanvas.h">
      <Filter>Header Files</Filter>
    </ClInclude>
    <ClInclude Include="..\Factory\CPainter.h">
      <Filter>Header Files</Filter>
    </ClInclude>
  </ItemGroup>
</Project>